
Microsoft Visual Studio Solution File, Format Version 12.00
# Visual Studio Version 16
VisualStudioVersion = 16.0.30717.126
MinimumVisualStudioVersion = 10.0.40219.1
Project("{8BC9CEB8-8B4A-11D0-8D11-00A0C91BC942}") = "TwoConectiveListOOPLesson15", "TwoConectiveListOOPLesson15\TwoConectiveListOOPLesson15.vcxproj", "{63F8ABCF-B2C4-4B26-A95B-3D155C14D002}"
EndProject
Project("{8BC9CEB8-8B4A-11D0-8D11-00A0C91BC942}") = "MyTwoConnectiveList", "MyTwoConnectiveList\MyTwoConnectiveList.vcxproj", "{49C72999-992B-41A2-8C75-10798F0586CA}"
EndProject
Global
	GlobalSection(SolutionConfigurationPlatforms) = preSolution
		Debug|x64 = Debug|x64
		Debug|x86 = Debug|x86
		Release|x64 = Release|x64
		Release|x86 = Release|x86
	EndGlobalSection
	GlobalSection(ProjectConfigurationPlatforms) = postSolution
		{63F8ABCF-B2C4-4B26-A95B-3D155C14D002}.Debug|x64.ActiveCfg = Debug|x64
		{63F8ABCF-B2C4-4B26-A95B-3D155C14D002}.Debug|x64.Build.0 = Debug|x64
		{63F8ABCF-B2C4-4B26-A95B-3D155C14D002}.Debug|x86.ActiveCfg = Debug|Win32
		{63F8ABCF-B2C4-4B26-A95B-3D155C14D002}.Debug|x86.Build.0 = Debug|Win32
		{63F8ABCF-B2C4-4B26-A95B-3D155C14D002}.Release|x64.ActiveCfg = Release|x64
		{63F8ABCF-B2C4-4B26-A95B-3D155C14D002}.Release|x64.Build.0 = Release|x64
		{63F8ABCF-B2C4-4B26-A95B-3D155C14D002}.Release|x86.ActiveCfg = Release|Win32
		{63F8ABCF-B2C4-4B26-A95B-3D155C14D002}.Release|x86.Build.0 = Release|Win32
		{49C72999-992B-41A2-8C75-10798F0586CA}.Debug|x64.ActiveCfg = Debug|x64
		{49C72999-992B-41A2-8C75-10798F0586CA}.Debug|x64.Build.0 = Debug|x64
		{49C72999-992B-41A2-8C75-10798F0586CA}.Debug|x86.ActiveCfg = Debug|Win32
		{49C72999-992B-41A2-8C75-10798F0586CA}.Debug|x86.Build.0 = Debug|Win32
		{49C72999-992B-41A2-8C75-10798F0586CA}.Release|x64.ActiveCfg = Release|x64
		{49C72999-992B-41A2-8C75-10798F0586CA}.Release|x64.Build.0 = Release|x64
		{49C72999-992B-41A2-8C75-10798F0586CA}.Release|x86.ActiveCfg = Release|Win32
		{49C72999-992B-41A2-8C75-10798F0586CA}.Release|x86.Build.0 = Release|Win32
	EndGlobalSection
	GlobalSection(SolutionProperties) = preSolution
		HideSolutionNode = FALSE
	EndGlobalSection
	GlobalSection(ExtensibilityGlobals) = postSolution
		SolutionGuid = {3C879705-A41D-4F58-ABDF-D58EEF650915}
	EndGlobalSection
EndGlobal
